
Microsoft Visual Studio Solution File, Format Version 12.00
# Visual Studio Version 16
VisualStudioVersion = 16.0.29920.165
MinimumVisualStudioVersion = 10.0.40219.1
Project("{00D1A9C2-B5F0-4AF3-8072-F6C62B433612}") = "PayrollAuto", "PayrollAuto\PayrollAuto.sqlproj", "{FB9303E1-2660-42CC-8599-21D82C226E39}"
EndProject
Global
	GlobalSection(SolutionConfigurationPlatforms) = preSolution
		Debug|Any CPU = Debug|Any CPU
		Release|Any CPU = Release|Any CPU
	EndGlobalSection
	GlobalSection(ProjectConfigurationPlatforms) = postSolution
		{FB9303E1-2660-42CC-8599-21D82C226E39}.Debug|Any CPU.ActiveCfg = Debug|Any CPU
		{FB9303E1-2660-42CC-8599-21D82C226E39}.Debug|Any CPU.Build.0 = Debug|Any CPU
		{FB9303E1-2660-42CC-8599-21D82C226E39}.Debug|Any CPU.Deploy.0 = Debug|Any CPU
		{FB9303E1-2660-42CC-8599-21D82C226E39}.Release|Any CPU.ActiveCfg = Release|Any CPU
		{FB9303E1-2660-42CC-8599-21D82C226E39}.Release|Any CPU.Build.0 = Release|Any CPU
		{FB9303E1-2660-42CC-8599-21D82C226E39}.Release|Any CPU.Deploy.0 = Release|Any CPU
	EndGlobalSection
	GlobalSection(SolutionProperties) = preSolution
		HideSolutionNode = FALSE
	EndGlobalSection
	GlobalSection(ExtensibilityGlobals) = postSolution
		SolutionGuid = {265E591B-E13C-4889-9033-A3265C12D1D1}
	EndGlobalSection
EndGlobal
